# This file was autogenerated by Stack.
# You should not edit this file by hand.
# For more information, please see the documentation at:
#   https://docs.haskellstack.org/en/stable/lock_files

packages:
- completed:
    hackage: wai-make-assets-0.2@sha256:c27822194ab5f203edbc51270c8e796af4e5172023ffde68ff479e715bde75c1,2028
    pantry-tree:
      size: 417
      sha256: b4ef29fd6ea685aae13276ee96ead1339a5eb3e739f2794a3ff4421e80cfaa60
  original:
    hackage: wai-make-assets-0.2@sha256:c27822194ab5f203edbc51270c8e796af4e5172023ffde68ff479e715bde75c1,2028
- completed:
    hackage: datetime-0.3.1@sha256:7e275bd0ce7a2f66445bedfa0006abaf4d41af4c2204c3f8004c17eab5480e74,1534
    pantry-tree:
      size: 334
      sha256: d41d182c143676464cb1774f0b7777e870ddeaf8b6cd5fee6ff0114997a1f504
  original:
    hackage: datetime-0.3.1@sha256:7e275bd0ce7a2f66445bedfa0006abaf4d41af4c2204c3f8004c17eab5480e74,1534
snapshots:
- completed:
    size: 534126
    url: https://raw.githubusercontent.com/commercialhaskell/stackage-snapshots/master/lts/16/31.yaml
    sha256: 637fb77049b25560622a224845b7acfe81a09fdb6a96a3c75997a10b651667f6
  original: lts-16.31
